
Microsoft Visual Studio Solution File, Format Version 12.00
# Visual Studio Version 17
VisualStudioVersion = 17.3.32901.215
MinimumVisualStudioVersion = 10.0.40219.1
Project("{9A19103F-16F7-4668-BE54-9A1E7A4F7556}") = "LinkedListExploration", "LinkedListExploration\LinkedListExploration.csproj", "{A0D96FEB-E9C9-4004-AC7D-A3A0A133D530}"
EndProject
Project("{9A19103F-16F7-4668-BE54-9A1E7A4F7556}") = "SinglyLinkedList", "SinglyLinkedList\SinglyLinkedList.csproj", "{174B512C-8306-4022-BE12-6B402135EF66}"
EndProject
Project("{FAE04EC0-301F-11D3-BF4B-00C04F79EFBC}") = "DoublyLinkedList", "DoublyLinkedList\DoublyLinkedList.csproj", "{752C5FF0-E50B-465D-B9F8-11F38B6A2A20}"
EndProject
Global
	GlobalSection(SolutionConfigurationPlatforms) = preSolution
		Debug|Any CPU = Debug|Any CPU
		Release|Any CPU = Release|Any CPU
	EndGlobalSection
	GlobalSection(ProjectConfigurationPlatforms) = postSolution
		{A0D96FEB-E9C9-4004-AC7D-A3A0A133D530}.Debug|Any CPU.ActiveCfg = Debug|Any CPU
		{A0D96FEB-E9C9-4004-AC7D-A3A0A133D530}.Debug|Any CPU.Build.0 = Debug|Any CPU
		{A0D96FEB-E9C9-4004-AC7D-A3A0A133D530}.Release|Any CPU.ActiveCfg = Release|Any CPU
		{A0D96FEB-E9C9-4004-AC7D-A3A0A133D530}.Release|Any CPU.Build.0 = Release|Any CPU
		{174B512C-8306-4022-BE12-6B402135EF66}.Debug|Any CPU.ActiveCfg = Debug|Any CPU
		{174B512C-8306-4022-BE12-6B402135EF66}.Debug|Any CPU.Build.0 = Debug|Any CPU
		{174B512C-8306-4022-BE12-6B402135EF66}.Release|Any CPU.ActiveCfg = Release|Any CPU
		{174B512C-8306-4022-BE12-6B402135EF66}.Release|Any CPU.Build.0 = Release|Any CPU
		{752C5FF0-E50B-465D-B9F8-11F38B6A2A20}.Debug|Any CPU.ActiveCfg = Debug|Any CPU
		{752C5FF0-E50B-465D-B9F8-11F38B6A2A20}.Debug|Any CPU.Build.0 = Debug|Any CPU
		{752C5FF0-E50B-465D-B9F8-11F38B6A2A20}.Release|Any CPU.ActiveCfg = Release|Any CPU
		{752C5FF0-E50B-465D-B9F8-11F38B6A2A20}.Release|Any CPU.Build.0 = Release|Any CPU
	EndGlobalSection
	GlobalSection(SolutionProperties) = preSolution
		HideSolutionNode = FALSE
	EndGlobalSection
	GlobalSection(ExtensibilityGlobals) = postSolution
		SolutionGuid = {4B067C51-2859-4868-B199-F50A32F1F782}
	EndGlobalSection
EndGlobal
